<?xml version="1.0" encoding="utf-8"?>
<Project ToolsVersion="4.0" xmlns="http://schemas.microsoft.com/developer/msbuild/2003">
  <ItemGroup>
    <Filter Include="Generated Files">
      <UniqueIdentifier>{71ED8ED8-ACB9-4CE9-BBE1-E00B30144E11}</UniqueIdentifier>
      <Extensions>moc;h;cpp</Extensions>
      <SourceControlFiles>False</SourceControlFiles>
    </Filter>
    <Filter Include="Generated Files\Debug">
      <UniqueIdentifier>{1534ac0f-1904-4f33-9556-bba3984c9dab}</UniqueIdentifier>
      <Extensions>cpp;moc</Extensions>
      <SourceControlFiles>False</SourceControlFiles>
    </Filter>
    <Filter Include="Generated Files\Release">
      <UniqueIdentifier>{9f7cec37-03ee-43c5-a664-8ab1cd990a2a}</UniqueIdentifier>
      <Extensions>cpp;moc</Extensions>
      <SourceControlFiles>False</SourceControlFiles>
    </Filter>
    <Filter Include="View">
      <UniqueIdentifier>{11ff37f9-82b2-40aa-8ae4-f8ca0849f845}</UniqueIdentifier>
    </Filter>
    <Filter Include="Resources">
      <UniqueIdentifier>{D9D6E242-F8AF-46E4-B9FD-80ECBC20BA3E}</UniqueIdentifier>
      <Extensions>qrc;*</Extensions>
      <ParseFiles>false</ParseFiles>
    </Filter>
    <Filter Include="View\MainWindow">
      <UniqueIdentifier>{27f7be2c-1fa2-4d34-96a6-c147aa917098}</UniqueIdentifier>
    </Filter>
    <Filter Include="Model">
      <UniqueIdentifier>{01de501d-32d1-4a6c-af13-171616fc9d84}</UniqueIdentifier>
    </Filter>
    <Filter Include="Model\QThreadEx">
      <UniqueIdentifier>{ec5958bb-ac4f-4392-8768-514db4bacad6}</UniqueIdentifier>
    </Filter>
    <Filter Include="Model\ModelThread">
      <UniqueIdentifier>{f39d6e5b-d831-4800-b97b-c8e7cbf63c00}</UniqueIdentifier>
    </Filter>
    <Filter Include="View\ResultsDialog">
      <UniqueIdentifier>{026cd837-1dd1-4375-95fc-3a26e62566c5}</UniqueIdentifier>
    </Filter>
  </ItemGroup>
  <ItemGroup>
    <ClCompile Include="GeneratedFiles\qrc_Resources.cpp">
      <Filter>Generated Files</Filter>
    </ClCompile>
    <ClCompile Include="main.cpp" />
    <ClCompile Include="Model\Model.cpp">
      <Filter>Model</Filter>
    </ClCompile>
    <ClCompile Include="GeneratedFiles\Debug\moc_Model.cpp">
      <Filter>Generated Files\Debug</Filter>
    </ClCompile>
    <ClCompile Include="GeneratedFiles\Release\moc_Model.cpp">
      <Filter>Generated Files\Release</Filter>
    </ClCompile>
    <ClCompile Include="Model\QThreadEx.cpp">
      <Filter>Model\QThreadEx</Filter>
    </ClCompile>
    <ClCompile Include="Model\ModelThread.cpp">
      <Filter>Model\ModelThread</Filter>
    </ClCompile>
    <ClCompile Include="GeneratedFiles\Debug\moc_QThreadEx.cpp">
      <Filter>Generated Files\Debug</Filter>
    </ClCompile>
    <ClCompile Include="GeneratedFiles\Release\moc_QThreadEx.cpp">
      <Filter>Generated Files\Release</Filter>
    </ClCompile>
    <ClCompile Include="View\MainWindow\Mainwindow.cpp">
      <Filter>View\MainWindow</Filter>
    </ClCompile>
    <ClCompile Include="GeneratedFiles\Debug\moc_Mainwindow.cpp">
      <Filter>Generated Files\Debug</Filter>
    </ClCompile>
    <ClCompile Include="GeneratedFiles\Release\moc_Mainwindow.cpp">
      <Filter>Generated Files\Release</Filter>
    </ClCompile>
    <ClCompile Include="View\ResultsDialog\ResultsDialog.cpp">
      <Filter>View\ResultsDialog</Filter>
    </ClCompile>
    <ClCompile Include="GeneratedFiles\Debug\moc_ResultsDialog.cpp">
      <Filter>Generated Files\Debug</Filter>
    </ClCompile>
    <ClCompile Include="GeneratedFiles\Release\moc_ResultsDialog.cpp">
      <Filter>Generated Files\Release</Filter>
    </ClCompile>
  </ItemGroup>
  <ItemGroup>
    <CustomBuild Include="Resources.qrc">
      <Filter>Resources</Filter>
    </CustomBuild>
    <CustomBuild Include="Model\Model.h">
      <Filter>Model</Filter>
    </CustomBuild>
    <CustomBuild Include="Model\QThreadEx.h">
      <Filter>Model\QThreadEx</Filter>
    </CustomBuild>
    <CustomBuild Include="View\MainWindow\Mainwindow.h">
      <Filter>View\MainWindow</Filter>
    </CustomBuild>
    <CustomBuild Include="View\MainWindow\Mainwindow.ui">
      <Filter>View\MainWindow</Filter>
    </CustomBuild>
    <CustomBuild Include="View\ResultsDialog\ResultsDialog.h">
      <Filter>View\ResultsDialog</Filter>
    </CustomBuild>
    <CustomBuild Include="View\ResultsDialog\ResultsDialog.ui">
      <Filter>View\ResultsDialog</Filter>
    </CustomBuild>
  </ItemGroup>
  <ItemGroup>
    <ResourceCompile Include="gpusim-fe.rc">
      <Filter>Resources</Filter>
    </ResourceCompile>
  </ItemGroup>
  <ItemGroup>
    <ClInclude Include="Model\ModelThread.h">
      <Filter>Model\ModelThread</Filter>
    </ClInclude>
    <ClInclude Include="GeneratedFiles\ui_Mainwindow.h">
      <Filter>Generated Files</Filter>
    </ClInclude>
    <ClInclude Include="GeneratedFiles\ui_ResultsDialog.h">
      <Filter>Generated Files</Filter>
    </ClInclude>
  </ItemGroup>
</Project>