<?xml version="1.0" encoding="utf-8"?>
<Project ToolsVersion="4.0" xmlns="http://schemas.microsoft.com/developer/msbuild/2003">
  <ItemGroup>
    <Filter Include="Generated Files">
      <UniqueIdentifier>{71ED8ED8-ACB9-4CE9-BBE1-E00B30144E11}</UniqueIdentifier>
      <Extensions>moc;h;cpp</Extensions>
      <SourceControlFiles>False</SourceControlFiles>
    </Filter>
    <Filter Include="Model">
      <UniqueIdentifier>{bfb08c1a-e1a4-4b36-ae89-4005f2ee6434}</UniqueIdentifier>
    </Filter>
    <Filter Include="Generated Files\Debug">
      <UniqueIdentifier>{8b9b0912-8e69-41b8-ae65-a926aaa91909}</UniqueIdentifier>
      <Extensions>cpp;moc</Extensions>
      <SourceControlFiles>False</SourceControlFiles>
    </Filter>
    <Filter Include="Generated Files\Release">
      <UniqueIdentifier>{bbaadb96-b1e5-4125-8fa8-6458a8f709cc}</UniqueIdentifier>
      <Extensions>cpp;moc</Extensions>
      <SourceControlFiles>False</SourceControlFiles>
    </Filter>
    <Filter Include="Model\Config">
      <UniqueIdentifier>{c7112868-3756-45eb-9821-8d3f9c3e1704}</UniqueIdentifier>
    </Filter>
    <Filter Include="Model\Config\Helpers">
      <UniqueIdentifier>{f72f0260-cdc1-46cc-ad40-ef7089177c54}</UniqueIdentifier>
    </Filter>
    <Filter Include="Model\NBEGSettingsGenerator">
      <UniqueIdentifier>{2915dd70-29db-4ea6-898c-470776d2e6b5}</UniqueIdentifier>
    </Filter>
  </ItemGroup>
  <ItemGroup>
    <ClCompile Include="main.cpp" />
    <ClCompile Include="GeneratedFiles\Debug\moc_Optimizer.cpp">
      <Filter>Generated Files\Debug</Filter>
    </ClCompile>
    <ClCompile Include="GeneratedFiles\Release\moc_Optimizer.cpp">
      <Filter>Generated Files\Release</Filter>
    </ClCompile>
    <ClCompile Include="Model\Optimizer.cpp">
      <Filter>Model</Filter>
    </ClCompile>
    <ClCompile Include="Model\Config\OptimizerConfig.cpp">
      <Filter>Model\Config</Filter>
    </ClCompile>
    <ClCompile Include="Model\Config\VaryHelper.cpp">
      <Filter>Model\Config\Helpers</Filter>
    </ClCompile>
    <ClCompile Include="Model\Config\NBEGSettingsHelpers.cpp">
      <Filter>Model\Config\Helpers</Filter>
    </ClCompile>
    <ClCompile Include="Model\NBEGSettingsGenerator\NBEGSettigsGenerator.cpp">
      <Filter>Model\NBEGSettingsGenerator</Filter>
    </ClCompile>
  </ItemGroup>
  <ItemGroup>
    <ClInclude Include="Model\Config\OptimizerConfig.h">
      <Filter>Model\Config</Filter>
    </ClInclude>
    <ClInclude Include="Model\Config\VaryHelper.h">
      <Filter>Model\Config\Helpers</Filter>
    </ClInclude>
    <ClInclude Include="Model\Config\NBEGSettingsHelpers.h">
      <Filter>Model\Config\Helpers</Filter>
    </ClInclude>
    <ClInclude Include="Model\NBEGSettingsGenerator\NBEGSettigsGenerator.h">
      <Filter>Model\NBEGSettingsGenerator</Filter>
    </ClInclude>
  </ItemGroup>
  <ItemGroup>
    <CustomBuild Include="Model\Optimizer.h">
      <Filter>Model</Filter>
    </CustomBuild>
  </ItemGroup>
  <ItemGroup>
    <None Include="gpusim-fe.ConstsOptimizer.cfg" />
  </ItemGroup>
</Project>